// !$*UTF8*$!
{
	archiveVersion = 1;
	classes = {
	};
	objectVersion = 48;
	objects = {

/* Begin PBXBuildFile section */
		1010E2BB1FF6ACF20036C0D3 /* AlbumDetailController.swift in Sources */ = {isa = PBXBuildFile; fileRef = 1010E2BA1FF6ACF20036C0D3 /* AlbumDetailController.swift */; };
		101EA47C1FFABF5600DFBA16 /* ItunesMedia.swift in Sources */ = {isa = PBXBuildFile; fileRef = 101EA47B1FFABF5600DFBA16 /* ItunesMedia.swift */; };
		101EA47E1FFABFEA00DFBA16 /* Endpoint.swift in Sources */ = {isa = PBXBuildFile; fileRef = 101EA47D1FFABFEA00DFBA16 /* Endpoint.swift */; };
		102502021FF553DF007D668F /* AppDelegate.swift in Sources */ = {isa = PBXBuildFile; fileRef = 102502011FF553DF007D668F /* AppDelegate.swift */; };
		102502041FF553DF007D668F /* ViewController.swift in Sources */ = {isa = PBXBuildFile; fileRef = 102502031FF553DF007D668F /* ViewController.swift */; };
		102502071FF553DF007D668F /* Main.storyboard in Resources */ = {isa = PBXBuildFile; fileRef = 102502051FF553DF007D668F /* Main.storyboard */; };
		102502091FF553DF007D668F /* Assets.xcassets in Resources */ = {isa = PBXBuildFile; fileRef = 102502081FF553DF007D668F /* Assets.xcassets */; };
		1025020C1FF553DF007D668F /* LaunchScreen.storyboard in Resources */ = {isa = PBXBuildFile; fileRef = 1025020A1FF553DF007D668F /* LaunchScreen.storyboard */; };
		102502171FF553DF007D668F /* iTunesClientTests.swift in Sources */ = {isa = PBXBuildFile; fileRef = 102502161FF553DF007D668F /* iTunesClientTests.swift */; };
		102502221FF553DF007D668F /* iTunesClientUITests.swift in Sources */ = {isa = PBXBuildFile; fileRef = 102502211FF553DF007D668F /* iTunesClientUITests.swift */; };
		102502331FF55AEB007D668F /* Artist.swift in Sources */ = {isa = PBXBuildFile; fileRef = 102502321FF55AEB007D668F /* Artist.swift */; };
		102502351FF55BC6007D668F /* Genre.swift in Sources */ = {isa = PBXBuildFile; fileRef = 102502341FF55BC6007D668F /* Genre.swift */; };
		102502371FF55CE1007D668F /* Album.swift in Sources */ = {isa = PBXBuildFile; fileRef = 102502361FF55CE1007D668F /* Album.swift */; };
		102502391FF5607F007D668F /* Song.swift in Sources */ = {isa = PBXBuildFile; fileRef = 102502381FF5607F007D668F /* Song.swift */; };
		1025023B1FF563FC007D668F /* Stub.swift in Sources */ = {isa = PBXBuildFile; fileRef = 1025023A1FF563FC007D668F /* Stub.swift */; };
		106E6B171FFD7BAD0036F651 /* JSONDownloader.swift in Sources */ = {isa = PBXBuildFile; fileRef = 106E6B161FFD7BAD0036F651 /* JSONDownloader.swift */; };
		106E6B191FFD83040036F651 /* ItunesError.swift in Sources */ = {isa = PBXBuildFile; fileRef = 106E6B181FFD83040036F651 /* ItunesError.swift */; };
		106E6B1B1FFD852A0036F651 /* ItunesAPIClient.swift in Sources */ = {isa = PBXBuildFile; fileRef = 106E6B1A1FFD852A0036F651 /* ItunesAPIClient.swift */; };
		1075AFA51FF66A3E00BEB76E /* AlbumPlaceholder.png in Resources */ = {isa = PBXBuildFile; fileRef = 1075AFA41FF66A3E00BEB76E /* AlbumPlaceholder.png */; };
		1075AFA71FF66CBB00BEB76E /* AlbumListController.swift in Sources */ = {isa = PBXBuildFile; fileRef = 1075AFA61FF66CBB00BEB76E /* AlbumListController.swift */; };
		1075AFA91FF6769100BEB76E /* AlbumCell.swift in Sources */ = {isa = PBXBuildFile; fileRef = 1075AFA81FF6769100BEB76E /* AlbumCell.swift */; };
		1075AFAB1FF6797E00BEB76E /* AlbumListDataSource.swift in Sources */ = {isa = PBXBuildFile; fileRef = 1075AFAA1FF6797E00BEB76E /* AlbumListDataSource.swift */; };
		1075AFAE1FF67B7300BEB76E /* AlbumCellViewModel.swift in Sources */ = {isa = PBXBuildFile; fileRef = 1075AFAD1FF67B7300BEB76E /* AlbumCellViewModel.swift */; };
		1079A2BF1FFC713F00B08447 /* ItunesAttributes.swift in Sources */ = {isa = PBXBuildFile; fileRef = 1079A2BE1FFC713F00B08447 /* ItunesAttributes.swift */; };
		10AB14A81FF58BE600646886 /* SearchResultsController.swift in Sources */ = {isa = PBXBuildFile; fileRef = 10AB14A71FF58BE600646886 /* SearchResultsController.swift */; };
		10AB14AB1FF59B4500646886 /* SearchResultsDataSource.swift in Sources */ = {isa = PBXBuildFile; fileRef = 10AB14AA1FF59B4500646886 /* SearchResultsDataSource.swift */; };
		10C109051FF7E8EA001DA953 /* AlbumDetailViewModel.swift in Sources */ = {isa = PBXBuildFile; fileRef = 10C109041FF7E8EA001DA953 /* AlbumDetailViewModel.swift */; };
		10C109071FF7F9F6001DA953 /* AlbumDetailDataSource.swift in Sources */ = {isa = PBXBuildFile; fileRef = 10C109061FF7F9F6001DA953 /* AlbumDetailDataSource.swift */; };
		10C109091FF80766001DA953 /* SongCell.swift in Sources */ = {isa = PBXBuildFile; fileRef = 10C109081FF80766001DA953 /* SongCell.swift */; };
		10C1090B1FF80920001DA953 /* SongViewModel.swift in Sources */ = {isa = PBXBuildFile; fileRef = 10C1090A1FF80920001DA953 /* SongViewModel.swift */; };
		10F72A3C1FFBE6A900B2B445 /* ItunesEntity.swift in Sources */ = {isa = PBXBuildFile; fileRef = 10F72A3B1FFBE6A900B2B445 /* ItunesEntity.swift */; };
		10F72A3E1FFBE75A00B2B445 /* QueryItemProvider.swift in Sources */ = {isa = PBXBuildFile; fileRef = 10F72A3D1FFBE75A00B2B445 /* QueryItemProvider.swift */; };
/* End PBXBuildFile section */

/* Begin PBXContainerItemProxy section */
		102502131FF553DF007D668F /* PBXContainerItemProxy */ = {
			isa = PBXContainerItemProxy;
			containerPortal = 102501F61FF553DF007D668F /* Project object */;
			proxyType = 1;
			remoteGlobalIDString = 102501FD1FF553DF007D668F;
			remoteInfo = iTunesClient;
		};
		1025021E1FF553DF007D668F /* PBXContainerItemProxy */ = {
			isa = PBXContainerItemProxy;
			containerPortal = 102501F61FF553DF007D668F /* Project object */;
			proxyType = 1;
			remoteGlobalIDString = 102501FD1FF553DF007D668F;
			remoteInfo = iTunesClient;
		};
/* End PBXContainerItemProxy section */

/* Begin PBXFileReference section */
		1010E2BA1FF6ACF20036C0D3 /* AlbumDetailController.swift */ = {isa = PBXFileReference; lastKnownFileType = sourcecode.swift; path = AlbumDetailController.swift; sourceTree = "<group>"; };
		101EA47B1FFABF5600DFBA16 /* ItunesMedia.swift */ = {isa = PBXFileReference; lastKnownFileType = sourcecode.swift; path = ItunesMedia.swift; sourceTree = "<group>"; };
		101EA47D1FFABFEA00DFBA16 /* Endpoint.swift */ = {isa = PBXFileReference; lastKnownFileType = sourcecode.swift; path = Endpoint.swift; sourceTree = "<group>"; };
		102501FE1FF553DF007D668F /* iTunesClient.app */ = {isa = PBXFileReference; explicitFileType = wrapper.application; includeInIndex = 0; path = iTunesClient.app; sourceTree = BUILT_PRODUCTS_DIR; };
		102502011FF553DF007D668F /* AppDelegate.swift */ = {isa = PBXFileReference; lastKnownFileType = sourcecode.swift; path = AppDelegate.swift; sourceTree = "<group>"; };
		102502031FF553DF007D668F /* ViewController.swift */ = {isa = PBXFileReference; lastKnownFileType = sourcecode.swift; path = ViewController.swift; sourceTree = "<group>"; };
		102502061FF553DF007D668F /* Base */ = {isa = PBXFileReference; lastKnownFileType = file.storyboard; name = Base; path = Base.lproj/Main.storyboard; sourceTree = "<group>"; };
		102502081FF553DF007D668F /* Assets.xcassets */ = {isa = PBXFileReference; lastKnownFileType = folder.assetcatalog; path = Assets.xcassets; sourceTree = "<group>"; };
		1025020B1FF553DF007D668F /* Base */ = {isa = PBXFileReference; lastKnownFileType = file.storyboard; name = Base; path = Base.lproj/LaunchScreen.storyboard; sourceTree = "<group>"; };
		1025020D1FF553DF007D668F /* Info.plist */ = {isa = PBXFileReference; lastKnownFileType = text.plist.xml; path = Info.plist; sourceTree = "<group>"; };
		102502121FF553DF007D668F /* iTunesClientTests.xctest */ = {isa = PBXFileReference; explicitFileType = wrapper.cfbundle; includeInIndex = 0; path = iTunesClientTests.xctest; sourceTree = BUILT_PRODUCTS_DIR; };
		102502161FF553DF007D668F /* iTunesClientTests.swift */ = {isa = PBXFileReference; lastKnownFileType = sourcecode.swift; path = iTunesClientTests.swift; sourceTree = "<group>"; };
		102502181FF553DF007D668F /* Info.plist */ = {isa = PBXFileReference; lastKnownFileType = text.plist.xml; path = Info.plist; sourceTree = "<group>"; };
		1025021D1FF553DF007D668F /* iTunesClientUITests.xctest */ = {isa = PBXFileReference; explicitFileType = wrapper.cfbundle; includeInIndex = 0; path = iTunesClientUITests.xctest; sourceTree = BUILT_PRODUCTS_DIR; };
		102502211FF553DF007D668F /* iTunesClientUITests.swift */ = {isa = PBXFileReference; lastKnownFileType = sourcecode.swift; path = iTunesClientUITests.swift; sourceTree = "<group>"; };
		102502231FF553DF007D668F /* Info.plist */ = {isa = PBXFileReference; lastKnownFileType = text.plist.xml; path = Info.plist; sourceTree = "<group>"; };
		102502321FF55AEB007D668F /* Artist.swift */ = {isa = PBXFileReference; lastKnownFileType = sourcecode.swift; path = Artist.swift; sourceTree = "<group>"; };
		102502341FF55BC6007D668F /* Genre.swift */ = {isa = PBXFileReference; lastKnownFileType = sourcecode.swift; path = Genre.swift; sourceTree = "<group>"; };
		102502361FF55CE1007D668F /* Album.swift */ = {isa = PBXFileReference; lastKnownFileType = sourcecode.swift; path = Album.swift; sourceTree = "<group>"; };
		102502381FF5607F007D668F /* Song.swift */ = {isa = PBXFileReference; lastKnownFileType = sourcecode.swift; path = Song.swift; sourceTree = "<group>"; };
		1025023A1FF563FC007D668F /* Stub.swift */ = {isa = PBXFileReference; lastKnownFileType = sourcecode.swift; path = Stub.swift; sourceTree = "<group>"; };
		106E6B161FFD7BAD0036F651 /* JSONDownloader.swift */ = {isa = PBXFileReference; lastKnownFileType = sourcecode.swift; path = JSONDownloader.swift; sourceTree = "<group>"; };
		106E6B181FFD83040036F651 /* ItunesError.swift */ = {isa = PBXFileReference; lastKnownFileType = sourcecode.swift; path = ItunesError.swift; sourceTree = "<group>"; };
		106E6B1A1FFD852A0036F651 /* ItunesAPIClient.swift */ = {isa = PBXFileReference; lastKnownFileType = sourcecode.swift; path = ItunesAPIClient.swift; sourceTree = "<group>"; };
		1075AFA41FF66A3E00BEB76E /* AlbumPlaceholder.png */ = {isa = PBXFileReference; lastKnownFileType = image.png; name = AlbumPlaceholder.png; path = Assets.xcassets/AlbumPlaceholder.png; sourceTree = "<group>"; };
		1075AFA61FF66CBB00BEB76E /* AlbumListController.swift */ = {isa = PBXFileReference; lastKnownFileType = sourcecode.swift; path = AlbumListController.swift; sourceTree = "<group>"; };
		1075AFA81FF6769100BEB76E /* AlbumCell.swift */ = {isa = PBXFileReference; lastKnownFileType = sourcecode.swift; path = AlbumCell.swift; sourceTree = "<group>"; };
		1075AFAA1FF6797E00BEB76E /* AlbumListDataSource.swift */ = {isa = PBXFileReference; lastKnownFileType = sourcecode.swift; path = AlbumListDataSource.swift; sourceTree = "<group>"; };
		1075AFAD1FF67B7300BEB76E /* AlbumCellViewModel.swift */ = {isa = PBXFileReference; lastKnownFileType = sourcecode.swift; path = AlbumCellViewModel.swift; sourceTree = "<group>"; };
		1079A2BE1FFC713F00B08447 /* ItunesAttributes.swift */ = {isa = PBXFileReference; lastKnownFileType = sourcecode.swift; path = ItunesAttributes.swift; sourceTree = "<group>"; };
		10AB14A71FF58BE600646886 /* SearchResultsController.swift */ = {isa = PBXFileReference; lastKnownFileType = sourcecode.swift; path = SearchResultsController.swift; sourceTree = "<group>"; };
		10AB14AA1FF59B4500646886 /* SearchResultsDataSource.swift */ = {isa = PBXFileReference; lastKnownFileType = sourcecode.swift; path = SearchResultsDataSource.swift; sourceTree = "<group>"; };
		10C109041FF7E8EA001DA953 /* AlbumDetailViewModel.swift */ = {isa = PBXFileReference; lastKnownFileType = sourcecode.swift; path = AlbumDetailViewModel.swift; sourceTree = "<group>"; };
		10C109061FF7F9F6001DA953 /* AlbumDetailDataSource.swift */ = {isa = PBXFileReference; lastKnownFileType = sourcecode.swift; path = AlbumDetailDataSource.swift; sourceTree = "<group>"; };
		10C109081FF80766001DA953 /* SongCell.swift */ = {isa = PBXFileReference; lastKnownFileType = sourcecode.swift; path = SongCell.swift; sourceTree = "<group>"; };
		10C1090A1FF80920001DA953 /* SongViewModel.swift */ = {isa = PBXFileReference; lastKnownFileType = sourcecode.swift; path = SongViewModel.swift; sourceTree = "<group>"; };
		10F72A3B1FFBE6A900B2B445 /* ItunesEntity.swift */ = {isa = PBXFileReference; lastKnownFileType = sourcecode.swift; path = ItunesEntity.swift; sourceTree = "<group>"; };
		10F72A3D1FFBE75A00B2B445 /* QueryItemProvider.swift */ = {isa = PBXFileReference; lastKnownFileType = sourcecode.swift; path = QueryItemProvider.swift; sourceTree = "<group>"; };
/* End PBXFileReference section */

/* Begin PBXFrameworksBuildPhase section */
		102501FB1FF553DF007D668F /* Frameworks */ = {
			isa = PBXFrameworksBuildPhase;
			buildActionMask = 2147483647;
			files = (
			);
			runOnlyForDeploymentPostprocessing = 0;
		};
		1025020F1FF553DF007D668F /* Frameworks */ = {
			isa = PBXFrameworksBuildPhase;
			buildActionMask = 2147483647;
			files = (
			);
			runOnlyForDeploymentPostprocessing = 0;
		};
		1025021A1FF553DF007D668F /* Frameworks */ = {
			isa = PBXFrameworksBuildPhase;
			buildActionMask = 2147483647;
			files = (
			);
			runOnlyForDeploymentPostprocessing = 0;
		};
/* End PBXFrameworksBuildPhase section */

/* Begin PBXGroup section */
		101EA47A1FFABEFE00DFBA16 /* Endpoints */ = {
			isa = PBXGroup;
			children = (
				101EA47D1FFABFEA00DFBA16 /* Endpoint.swift */,
				101EA47B1FFABF5600DFBA16 /* ItunesMedia.swift */,
				10F72A3B1FFBE6A900B2B445 /* ItunesEntity.swift */,
				10F72A3D1FFBE75A00B2B445 /* QueryItemProvider.swift */,
				1079A2BE1FFC713F00B08447 /* ItunesAttributes.swift */,
			);
			path = Endpoints;
			sourceTree = "<group>";
		};
		102501F51FF553DF007D668F = {
			isa = PBXGroup;
			children = (
				102502001FF553DF007D668F /* iTunesClient */,
				102502151FF553DF007D668F /* iTunesClientTests */,
				102502201FF553DF007D668F /* iTunesClientUITests */,
				102501FF1FF553DF007D668F /* Products */,
			);
			sourceTree = "<group>";
		};
		102501FF1FF553DF007D668F /* Products */ = {
			isa = PBXGroup;
			children = (
				102501FE1FF553DF007D668F /* iTunesClient.app */,
				102502121FF553DF007D668F /* iTunesClientTests.xctest */,
				1025021D1FF553DF007D668F /* iTunesClientUITests.xctest */,
			);
			name = Products;
			sourceTree = "<group>";
		};
		102502001FF553DF007D668F /* iTunesClient */ = {
			isa = PBXGroup;
			children = (
				106E6B151FFD7B990036F651 /* Networking */,
				1075AFAC1FF67B4E00BEB76E /* View Models */,
				10AB14A91FF599A400646886 /* Data Sources */,
				102502311FF55AC3007D668F /* Controllers */,
				102502301FF55ABE007D668F /* Views */,
				1025022F1FF55AB4007D668F /* Models */,
				102502011FF553DF007D668F /* AppDelegate.swift */,
				102502051FF553DF007D668F /* Main.storyboard */,
				102502081FF553DF007D668F /* Assets.xcassets */,
				1075AFA41FF66A3E00BEB76E /* AlbumPlaceholder.png */,
				1025020A1FF553DF007D668F /* LaunchScreen.storyboard */,
				1025020D1FF553DF007D668F /* Info.plist */,
			);
			path = iTunesClient;
			sourceTree = "<group>";
		};
		102502151FF553DF007D668F /* iTunesClientTests */ = {
			isa = PBXGroup;
			children = (
				102502161FF553DF007D668F /* iTunesClientTests.swift */,
				102502181FF553DF007D668F /* Info.plist */,
			);
			path = iTunesClientTests;
			sourceTree = "<group>";
		};
		102502201FF553DF007D668F /* iTunesClientUITests */ = {
			isa = PBXGroup;
			children = (
				102502211FF553DF007D668F /* iTunesClientUITests.swift */,
				102502231FF553DF007D668F /* Info.plist */,
			);
			path = iTunesClientUITests;
			sourceTree = "<group>";
		};
		1025022F1FF55AB4007D668F /* Models */ = {
			isa = PBXGroup;
			children = (
				101EA47A1FFABEFE00DFBA16 /* Endpoints */,
				102502361FF55CE1007D668F /* Album.swift */,
				102502321FF55AEB007D668F /* Artist.swift */,
				102502341FF55BC6007D668F /* Genre.swift */,
				102502381FF5607F007D668F /* Song.swift */,
				1025023A1FF563FC007D668F /* Stub.swift */,
			);
			path = Models;
			sourceTree = "<group>";
		};
		102502301FF55ABE007D668F /* Views */ = {
			isa = PBXGroup;
			children = (
				1075AFA81FF6769100BEB76E /* AlbumCell.swift */,
				10C109081FF80766001DA953 /* SongCell.swift */,
			);
			path = Views;
			sourceTree = "<group>";
		};
		102502311FF55AC3007D668F /* Controllers */ = {
			isa = PBXGroup;
			children = (
				102502031FF553DF007D668F /* ViewController.swift */,
				10AB14A71FF58BE600646886 /* SearchResultsController.swift */,
				1075AFA61FF66CBB00BEB76E /* AlbumListController.swift */,
				1010E2BA1FF6ACF20036C0D3 /* AlbumDetailController.swift */,
			);
			path = Controllers;
			sourceTree = "<group>";
		};
		106E6B151FFD7B990036F651 /* Networking */ = {
			isa = PBXGroup;
			children = (
				106E6B161FFD7BAD0036F651 /* JSONDownloader.swift */,
				106E6B181FFD83040036F651 /* ItunesError.swift */,
				106E6B1A1FFD852A0036F651 /* ItunesAPIClient.swift */,
			);
			path = Networking;
			sourceTree = "<group>";
		};
		1075AFAC1FF67B4E00BEB76E /* View Models */ = {
			isa = PBXGroup;
			children = (
				1075AFAD1FF67B7300BEB76E /* AlbumCellViewModel.swift */,
				10C109041FF7E8EA001DA953 /* AlbumDetailViewModel.swift */,
				10C1090A1FF80920001DA953 /* SongViewModel.swift */,
			);
			path = "View Models";
			sourceTree = "<group>";
		};
		10AB14A91FF599A400646886 /* Data Sources */ = {
			isa = PBXGroup;
			children = (
				10AB14AA1FF59B4500646886 /* SearchResultsDataSource.swift */,
				1075AFAA1FF6797E00BEB76E /* AlbumListDataSource.swift */,
				10C109061FF7F9F6001DA953 /* AlbumDetailDataSource.swift */,
			);
			path = "Data Sources";
			sourceTree = "<group>";
		};
/* End PBXGroup section */

/* Begin PBXNativeTarget section */
		102501FD1FF553DF007D668F /* iTunesClient */ = {
			isa = PBXNativeTarget;
			buildConfigurationList = 102502261FF553DF007D668F /* Build configuration list for PBXNativeTarget "iTunesClient" */;
			buildPhases = (
				102501FA1FF553DF007D668F /* Sources */,
				102501FB1FF553DF007D668F /* Frameworks */,
				102501FC1FF553DF007D668F /* Resources */,
			);
			buildRules = (
			);
			dependencies = (
			);
			name = iTunesClient;
			productName = iTunesClient;
			productReference = 102501FE1FF553DF007D668F /* iTunesClient.app */;
			productType = "com.apple.product-type.application";
		};
		102502111FF553DF007D668F /* iTunesClientTests */ = {
			isa = PBXNativeTarget;
			buildConfigurationList = 102502291FF553DF007D668F /* Build configuration list for PBXNativeTarget "iTunesClientTests" */;
			buildPhases = (
				1025020E1FF553DF007D668F /* Sources */,
				1025020F1FF553DF007D668F /* Frameworks */,
				102502101FF553DF007D668F /* Resources */,
			);
			buildRules = (
			);
			dependencies = (
				102502141FF553DF007D668F /* PBXTargetDependency */,
			);
			name = iTunesClientTests;
			productName = iTunesClientTests;
			productReference = 102502121FF553DF007D668F /* iTunesClientTests.xctest */;
			productType = "com.apple.product-type.bundle.unit-test";
		};
		1025021C1FF553DF007D668F /* iTunesClientUITests */ = {
			isa = PBXNativeTarget;
			buildConfigurationList = 1025022C1FF553DF007D668F /* Build configuration list for PBXNativeTarget "iTunesClientUITests" */;
			buildPhases = (
				102502191FF553DF007D668F /* Sources */,
				1025021A1FF553DF007D668F /* Frameworks */,
				1025021B1FF553DF007D668F /* Resources */,
			);
			buildRules = (
			);
			dependencies = (
				1025021F1FF553DF007D668F /* PBXTargetDependency */,
			);
			name = iTunesClientUITests;
			productName = iTunesClientUITests;
			productReference = 1025021D1FF553DF007D668F /* iTunesClientUITests.xctest */;
			productType = "com.apple.product-type.bundle.ui-testing";
		};
/* End PBXNativeTarget section */

/* Begin PBXProject section */
		102501F61FF553DF007D668F /* Project object */ = {
			isa = PBXProject;
			attributes = {
				LastSwiftUpdateCheck = 0920;
				LastUpgradeCheck = 0920;
				ORGANIZATIONNAME = "Roger Rohweder";
				TargetAttributes = {
					102501FD1FF553DF007D668F = {
						CreatedOnToolsVersion = 9.2;
						ProvisioningStyle = Automatic;
					};
					102502111FF553DF007D668F = {
						CreatedOnToolsVersion = 9.2;
						ProvisioningStyle = Automatic;
						TestTargetID = 102501FD1FF553DF007D668F;
					};
					1025021C1FF553DF007D668F = {
						CreatedOnToolsVersion = 9.2;
						ProvisioningStyle = Automatic;
						TestTargetID = 102501FD1FF553DF007D668F;
					};
				};
			};
			buildConfigurationList = 102501F91FF553DF007D668F /* Build configuration list for PBXProject "iTunesClient" */;
			compatibilityVersion = "Xcode 8.0";
			developmentRegion = en;
			hasScannedForEncodings = 0;
			knownRegions = (
				en,
				Base,
			);
			mainGroup = 102501F51FF553DF007D668F;
			productRefGroup = 102501FF1FF553DF007D668F /* Products */;
			projectDirPath = "";
			projectRoot = "";
			targets = (
				102501FD1FF553DF007D668F /* iTunesClient */,
				102502111FF553DF007D668F /* iTunesClientTests */,
				1025021C1FF553DF007D668F /* iTunesClientUITests */,
			);
		};
/* End PBXProject section */

/* Begin PBXResourcesBuildPhase section */
		102501FC1FF553DF007D668F /* Resources */ = {
			isa = PBXResourcesBuildPhase;
			buildActionMask = 2147483647;
			files = (
				1025020C1FF553DF007D668F /* LaunchScreen.storyboard in Resources */,
				102502091FF553DF007D668F /* Assets.xcassets in Resources */,
				102502071FF553DF007D668F /* Main.storyboard in Resources */,
				1075AFA51FF66A3E00BEB76E /* AlbumPlaceholder.png in Resources */,
			);
			runOnlyForDeploymentPostprocessing = 0;
		};
		102502101FF553DF007D668F /* Resources */ = {
			isa = PBXResourcesBuildPhase;
			buildActionMask = 2147483647;
			files = (
			);
			runOnlyForDeploymentPostprocessing = 0;
		};
		1025021B1FF553DF007D668F /* Resources */ = {
			isa = PBXResourcesBuildPhase;
			buildActionMask = 2147483647;
			files = (
			);
			runOnlyForDeploymentPostprocessing = 0;
		};
/* End PBXResourcesBuildPhase section */

/* Begin PBXSourcesBuildPhase section */
		102501FA1FF553DF007D668F /* Sources */ = {
			isa = PBXSourcesBuildPhase;
			buildActionMask = 2147483647;
			files = (
				106E6B191FFD83040036F651 /* ItunesError.swift in Sources */,
				106E6B171FFD7BAD0036F651 /* JSONDownloader.swift in Sources */,
				102502391FF5607F007D668F /* Song.swift in Sources */,
				102502331FF55AEB007D668F /* Artist.swift in Sources */,
				102502041FF553DF007D668F /* ViewController.swift in Sources */,
				10F72A3C1FFBE6A900B2B445 /* ItunesEntity.swift in Sources */,
				1075AFAE1FF67B7300BEB76E /* AlbumCellViewModel.swift in Sources */,
				102502021FF553DF007D668F /* AppDelegate.swift in Sources */,
				10C109071FF7F9F6001DA953 /* AlbumDetailDataSource.swift in Sources */,
				1079A2BF1FFC713F00B08447 /* ItunesAttributes.swift in Sources */,
				1075AFAB1FF6797E00BEB76E /* AlbumListDataSource.swift in Sources */,
				10F72A3E1FFBE75A00B2B445 /* QueryItemProvider.swift in Sources */,
				10C1090B1FF80920001DA953 /* SongViewModel.swift in Sources */,
				1010E2BB1FF6ACF20036C0D3 /* AlbumDetailController.swift in Sources */,
				10AB14A81FF58BE600646886 /* SearchResultsController.swift in Sources */,
				106E6B1B1FFD852A0036F651 /* ItunesAPIClient.swift in Sources */,
				1075AFA71FF66CBB00BEB76E /* AlbumListController.swift in Sources */,
				10C109091FF80766001DA953 /* SongCell.swift in Sources */,
				102502351FF55BC6007D668F /* Genre.swift in Sources */,
				102502371FF55CE1007D668F /* Album.swift in Sources */,
				101EA47E1FFABFEA00DFBA16 /* Endpoint.swift in Sources */,
				10AB14AB1FF59B4500646886 /* SearchResultsDataSource.swift in Sources */,
				1075AFA91FF6769100BEB76E /* AlbumCell.swift in Sources */,
				101EA47C1FFABF5600DFBA16 /* ItunesMedia.swift in Sources */,
				1025023B1FF563FC007D668F /* Stub.swift in Sources */,
				10C109051FF7E8EA001DA953 /* AlbumDetailViewModel.swift in Sources */,
			);
			runOnlyForDeploymentPostprocessing = 0;
		};
		1025020E1FF553DF007D668F /* Sources */ = {
			isa = PBXSourcesBuildPhase;
			buildActionMask = 2147483647;
			files = (
				102502171FF553DF007D668F /* iTunesClientTests.swift in Sources */,
			);
			runOnlyForDeploymentPostprocessing = 0;
		};
		102502191FF553DF007D668F /* Sources */ = {
			isa = PBXSourcesBuildPhase;
			buildActionMask = 2147483647;
			files = (
				102502221FF553DF007D668F /* iTunesClientUITests.swift in Sources */,
			);
			runOnlyForDeploymentPostprocessing = 0;
		};
/* End PBXSourcesBuildPhase section */

/* Begin PBXTargetDependency section */
		102502141FF553DF007D668F /* PBXTargetDependency */ = {
			isa = PBXTargetDependency;
			target = 102501FD1FF553DF007D668F /* iTunesClient */;
			targetProxy = 102502131FF553DF007D668F /* PBXContainerItemProxy */;
		};
		1025021F1FF553DF007D668F /* PBXTargetDependency */ = {
			isa = PBXTargetDependency;
			target = 102501FD1FF553DF007D668F /* iTunesClient */;
			targetProxy = 1025021E1FF553DF007D668F /* PBXContainerItemProxy */;
		};
/* End PBXTargetDependency section */

/* Begin PBXVariantGroup section */
		102502051FF553DF007D668F /* Main.storyboard */ = {
			isa = PBXVariantGroup;
			children = (
				102502061FF553DF007D668F /* Base */,
			);
			name = Main.storyboard;
			sourceTree = "<group>";
		};
		1025020A1FF553DF007D668F /* LaunchScreen.storyboard */ = {
			isa = PBXVariantGroup;
			children = (
				1025020B1FF553DF007D668F /* Base */,
			);
			name = LaunchScreen.storyboard;
			sourceTree = "<group>";
		};
/* End PBXVariantGroup section */

/* Begin XCBuildConfiguration section */
		102502241FF553DF007D668F /* Debug */ = {
			isa = XCBuildConfiguration;
			buildSettings = {
				ALWAYS_SEARCH_USER_PATHS = NO;
				CLANG_ANALYZER_NONNULL = YES;
				CLANG_ANALYZER_NUMBER_OBJECT_CONVERSION = YES_AGGRESSIVE;
				CLANG_CXX_LANGUAGE_STANDARD = "gnu++14";
				CLANG_CXX_LIBRARY = "libc++";
				CLANG_ENABLE_MODULES = YES;
				CLANG_ENABLE_OBJC_ARC = YES;
				CLANG_WARN_BLOCK_CAPTURE_AUTORELEASING = YES;
				CLANG_WARN_BOOL_CONVERSION = YES;
				CLANG_WARN_COMMA = YES;
				CLANG_WARN_CONSTANT_CONVERSION = YES;
				CLANG_WARN_DIRECT_OBJC_ISA_USAGE = YES_ERROR;
				CLANG_WARN_DOCUMENTATION_COMMENTS = YES;
				CLANG_WARN_EMPTY_BODY = YES;
				CLANG_WARN_ENUM_CONVERSION = YES;
				CLANG_WARN_INFINITE_RECURSION = YES;
				CLANG_WARN_INT_CONVERSION = YES;
				CLANG_WARN_NON_LITERAL_NULL_CONVERSION = YES;
				CLANG_WARN_OBJC_LITERAL_CONVERSION = YES;
				CLANG_WARN_OBJC_ROOT_CLASS = YES_ERROR;
				CLANG_WARN_RANGE_LOOP_ANALYSIS = YES;
				CLANG_WARN_STRICT_PROTOTYPES = YES;
				CLANG_WARN_SUSPICIOUS_MOVE = YES;
				CLANG_WARN_UNGUARDED_AVAILABILITY = YES_AGGRESSIVE;
				CLANG_WARN_UNREACHABLE_CODE = YES;
				CLANG_WARN__DUPLICATE_METHOD_MATCH = YES;
				CODE_SIGN_IDENTITY = "iPhone Developer";
				COPY_PHASE_STRIP = NO;
				DEBUG_INFORMATION_FORMAT = dwarf;
				ENABLE_STRICT_OBJC_MSGSEND = YES;
				ENABLE_TESTABILITY = YES;
				GCC_C_LANGUAGE_STANDARD = gnu11;
				GCC_DYNAMIC_NO_PIC = NO;
				GCC_NO_COMMON_BLOCKS = YES;
				GCC_OPTIMIZATION_LEVEL = 0;
				GCC_PREPROCESSOR_DEFINITIONS = (
					"DEBUG=1",
					"$(inherited)",
				);
				GCC_WARN_64_TO_32_BIT_CONVERSION = YES;
				GCC_WARN_ABOUT_RETURN_TYPE = YES_ERROR;
				GCC_WARN_UNDECLARED_SELECTOR = YES;
				GCC_WARN_UNINITIALIZED_AUTOS = YES_AGGRESSIVE;
				GCC_WARN_UNUSED_FUNCTION = YES;
				GCC_WARN_UNUSED_VARIABLE = YES;
				IPHONEOS_DEPLOYMENT_TARGET = 11.2;
				MTL_ENABLE_DEBUG_INFO = YES;
				ONLY_ACTIVE_ARCH = YES;
				SDKROOT = iphoneos;
				SWIFT_ACTIVE_COMPILATION_CONDITIONS = DEBUG;
				SWIFT_OPTIMIZATION_LEVEL = "-Onone";
			};
			name = Debug;
		};
		102502251FF553DF007D668F /* Release */ = {
			isa = XCBuildConfiguration;
			buildSettings = {
				ALWAYS_SEARCH_USER_PATHS = NO;
				CLANG_ANALYZER_NONNULL = YES;
				CLANG_ANALYZER_NUMBER_OBJECT_CONVERSION = YES_AGGRESSIVE;
				CLANG_CXX_LANGUAGE_STANDARD = "gnu++14";
				CLANG_CXX_LIBRARY = "libc++";
				CLANG_ENABLE_MODULES = YES;
				CLANG_ENABLE_OBJC_ARC = YES;
				CLANG_WARN_BLOCK_CAPTURE_AUTORELEASING = YES;
				CLANG_WARN_BOOL_CONVERSION = YES;
				CLANG_WARN_COMMA = YES;
				CLANG_WARN_CONSTANT_CONVERSION = YES;
				CLANG_WARN_DIRECT_OBJC_ISA_USAGE = YES_ERROR;
				CLANG_WARN_DOCUMENTATION_COMMENTS = YES;
				CLANG_WARN_EMPTY_BODY = YES;
				CLANG_WARN_ENUM_CONVERSION = YES;
				CLANG_WARN_INFINITE_RECURSION = YES;
				CLANG_WARN_INT_CONVERSION = YES;
				CLANG_WARN_NON_LITERAL_NULL_CONVERSION = YES;
				CLANG_WARN_OBJC_LITERAL_CONVERSION = YES;
				CLANG_WARN_OBJC_ROOT_CLASS = YES_ERROR;
				CLANG_WARN_RANGE_LOOP_ANALYSIS = YES;
				CLANG_WARN_STRICT_PROTOTYPES = YES;
				CLANG_WARN_SUSPICIOUS_MOVE = YES;
				CLANG_WARN_UNGUARDED_AVAILABILITY = YES_AGGRESSIVE;
				CLANG_WARN_UNREACHABLE_CODE = YES;
				CLANG_WARN__DUPLICATE_METHOD_MATCH = YES;
				CODE_SIGN_IDENTITY = "iPhone Developer";
				COPY_PHASE_STRIP = NO;
				DEBUG_INFORMATION_FORMAT = "dwarf-with-dsym";
				ENABLE_NS_ASSERTIONS = NO;
				ENABLE_STRICT_OBJC_MSGSEND = YES;
				GCC_C_LANGUAGE_STANDARD = gnu11;
				GCC_NO_COMMON_BLOCKS = YES;
				GCC_WARN_64_TO_32_BIT_CONVERSION = YES;
				GCC_WARN_ABOUT_RETURN_TYPE = YES_ERROR;
				GCC_WARN_UNDECLARED_SELECTOR = YES;
				GCC_WARN_UNINITIALIZED_AUTOS = YES_AGGRESSIVE;
				GCC_WARN_UNUSED_FUNCTION = YES;
				GCC_WARN_UNUSED_VARIABLE = YES;
				IPHONEOS_DEPLOYMENT_TARGET = 11.2;
				MTL_ENABLE_DEBUG_INFO = NO;
				SDKROOT = iphoneos;
				SWIFT_OPTIMIZATION_LEVEL = "-Owholemodule";
				VALIDATE_PRODUCT = YES;
			};
			name = Release;
		};
		102502271FF553DF007D668F /* Debug */ = {
			isa = XCBuildConfiguration;
			buildSettings = {
				ASSETCATALOG_COMPILER_APPICON_NAME = AppIcon;
				CODE_SIGN_STYLE = Automatic;
				DEVELOPMENT_TEAM = Q6J8M4U5GF;
				INFOPLIST_FILE = iTunesClient/Info.plist;
				LD_RUNPATH_SEARCH_PATHS = "$(inherited) @executable_path/Frameworks";
				PRODUCT_BUNDLE_IDENTIFIER = com.RogerRohweder.iTunesClient;
				PRODUCT_NAME = "$(TARGET_NAME)";
				SWIFT_VERSION = 3.0;
				TARGETED_DEVICE_FAMILY = "1,2";
			};
			name = Debug;
		};
		102502281FF553DF007D668F /* Release */ = {
			isa = XCBuildConfiguration;
			buildSettings = {
				ASSETCATALOG_COMPILER_APPICON_NAME = AppIcon;
				CODE_SIGN_STYLE = Automatic;
				DEVELOPMENT_TEAM = Q6J8M4U5GF;
				INFOPLIST_FILE = iTunesClient/Info.plist;
				LD_RUNPATH_SEARCH_PATHS = "$(inherited) @executable_path/Frameworks";
				PRODUCT_BUNDLE_IDENTIFIER = com.RogerRohweder.iTunesClient;
				PRODUCT_NAME = "$(TARGET_NAME)";
				SWIFT_VERSION = 3.0;
				TARGETED_DEVICE_FAMILY = "1,2";
			};
			name = Release;
		};
		1025022A1FF553DF007D668F /* Debug */ = {
			isa = XCBuildConfiguration;
			buildSettings = {
				ALWAYS_EMBED_SWIFT_STANDARD_LIBRARIES = YES;
				BUNDLE_LOADER = "$(TEST_HOST)";
				CODE_SIGN_STYLE = Automatic;
				INFOPLIST_FILE = iTunesClientTests/Info.plist;
				LD_RUNPATH_SEARCH_PATHS = "$(inherited) @executable_path/Frameworks @loader_path/Frameworks";
				PRODUCT_BUNDLE_IDENTIFIER = com.RogerRohweder.iTunesClientTests;
				PRODUCT_NAME = "$(TARGET_NAME)";
				SWIFT_VERSION = 4.0;
				TARGETED_DEVICE_FAMILY = "1,2";
				TEST_HOST = "$(BUILT_PRODUCTS_DIR)/iTunesClient.app/iTunesClient";
			};
			name = Debug;
		};
		1025022B1FF553DF007D668F /* Release */ = {
			isa = XCBuildConfiguration;
			buildSettings = {
				ALWAYS_EMBED_SWIFT_STANDARD_LIBRARIES = YES;
				BUNDLE_LOADER = "$(TEST_HOST)";
				CODE_SIGN_STYLE = Automatic;
				INFOPLIST_FILE = iTunesClientTests/Info.plist;
				LD_RUNPATH_SEARCH_PATHS = "$(inherited) @executable_path/Frameworks @loader_path/Frameworks";
				PRODUCT_BUNDLE_IDENTIFIER = com.RogerRohweder.iTunesClientTests;
				PRODUCT_NAME = "$(TARGET_NAME)";
				SWIFT_VERSION = 4.0;
				TARGETED_DEVICE_FAMILY = "1,2";
				TEST_HOST = "$(BUILT_PRODUCTS_DIR)/iTunesClient.app/iTunesClient";
			};
			name = Release;
		};
		1025022D1FF553DF007D668F /* Debug */ = {
			isa = XCBuildConfiguration;
			buildSettings = {
				ALWAYS_EMBED_SWIFT_STANDARD_LIBRARIES = YES;
				CODE_SIGN_STYLE = Automatic;
				INFOPLIST_FILE = iTunesClientUITests/Info.plist;
				LD_RUNPATH_SEARCH_PATHS = "$(inherited) @executable_path/Frameworks @loader_path/Frameworks";
				PRODUCT_BUNDLE_IDENTIFIER = com.RogerRohweder.iTunesClientUITests;
				PRODUCT_NAME = "$(TARGET_NAME)";
				SWIFT_VERSION = 4.0;
				TARGETED_DEVICE_FAMILY = "1,2";
				TEST_TARGET_NAME = iTunesClient;
			};
			name = Debug;
		};
		1025022E1FF553DF007D668F /* Release */ = {
			isa = XCBuildConfiguration;
			buildSettings = {
				ALWAYS_EMBED_SWIFT_STANDARD_LIBRARIES = YES;
				CODE_SIGN_STYLE = Automatic;
				INFOPLIST_FILE = iTunesClientUITests/Info.plist;
				LD_RUNPATH_SEARCH_PATHS = "$(inherited) @executable_path/Frameworks @loader_path/Frameworks";
				PRODUCT_BUNDLE_IDENTIFIER = com.RogerRohweder.iTunesClientUITests;
				PRODUCT_NAME = "$(TARGET_NAME)";
				SWIFT_VERSION = 4.0;
				TARGETED_DEVICE_FAMILY = "1,2";
				TEST_TARGET_NAME = iTunesClient;
			};
			name = Release;
		};
/* End XCBuildConfiguration section */

/* Begin XCConfigurationList section */
		102501F91FF553DF007D668F /* Build configuration list for PBXProject "iTunesClient" */ = {
			isa = XCConfigurationList;
			buildConfigurations = (
				102502241FF553DF007D668F /* Debug */,
				102502251FF553DF007D668F /* Release */,
			);
			defaultConfigurationIsVisible = 0;
			defaultConfigurationName = Release;
		};
		102502261FF553DF007D668F /* Build configuration list for PBXNativeTarget "iTunesClient" */ = {
			isa = XCConfigurationList;
			buildConfigurations = (
				102502271FF553DF007D668F /* Debug */,
				102502281FF553DF007D668F /* Release */,
			);
			defaultConfigurationIsVisible = 0;
			defaultConfigurationName = Release;
		};
		102502291FF553DF007D668F /* Build configuration list for PBXNativeTarget "iTunesClientTests" */ = {
			isa = XCConfigurationList;
			buildConfigurations = (
				1025022A1FF553DF007D668F /* Debug */,
				1025022B1FF553DF007D668F /* Release */,
			);
			defaultConfigurationIsVisible = 0;
			defaultConfigurationName = Release;
		};
		1025022C1FF553DF007D668F /* Build configuration list for PBXNativeTarget "iTunesClientUITests" */ = {
			isa = XCConfigurationList;
			buildConfigurations = (
				1025022D1FF553DF007D668F /* Debug */,
				1025022E1FF553DF007D668F /* Release */,
			);
			defaultConfigurationIsVisible = 0;
			defaultConfigurationName = Release;
		};
/* End XCConfigurationList section */
	};
	rootObject = 102501F61FF553DF007D668F /* Project object */;
}
